// !$*UTF8*$!
{
	archiveVersion = 1;
	classes = {
	};
	objectVersion = 46;
	objects = {

/* Begin PBXBuildFile section */
		4AB67C401B7F00D000EFAF57 /* AppDelegate.swift in Sources */ = {isa = PBXBuildFile; fileRef = 4AB67C3F1B7F00D000EFAF57 /* AppDelegate.swift */; };
		4AB67C421B7F00D000EFAF57 /* GameScene.sks in Resources */ = {isa = PBXBuildFile; fileRef = 4AB67C411B7F00D000EFAF57 /* GameScene.sks */; };
		4AB67C441B7F00D000EFAF57 /* GameScene.swift in Sources */ = {isa = PBXBuildFile; fileRef = 4AB67C431B7F00D000EFAF57 /* GameScene.swift */; };
		4AB67C461B7F00D000EFAF57 /* GameViewController.swift in Sources */ = {isa = PBXBuildFile; fileRef = 4AB67C451B7F00D000EFAF57 /* GameViewController.swift */; };
		4AB67C491B7F00D000EFAF57 /* Main.storyboard in Resources */ = {isa = PBXBuildFile; fileRef = 4AB67C471B7F00D000EFAF57 /* Main.storyboard */; };
		4AB67C4B1B7F00D000EFAF57 /* Images.xcassets in Resources */ = {isa = PBXBuildFile; fileRef = 4AB67C4A1B7F00D000EFAF57 /* Images.xcassets */; };
		4AB67C4E1B7F00D000EFAF57 /* LaunchScreen.xib in Resources */ = {isa = PBXBuildFile; fileRef = 4AB67C4C1B7F00D000EFAF57 /* LaunchScreen.xib */; };
		4AB67C5A1B7F00D000EFAF57 /* InventoryTests.swift in Sources */ = {isa = PBXBuildFile; fileRef = 4AB67C591B7F00D000EFAF57 /* InventoryTests.swift */; };
/* End PBXBuildFile section */

/* Begin PBXContainerItemProxy section */
		4AB67C541B7F00D000EFAF57 /* PBXContainerItemProxy */ = {
			isa = PBXContainerItemProxy;
			containerPortal = 4AB67C321B7F00D000EFAF57 /* Project object */;
			proxyType = 1;
			remoteGlobalIDString = 4AB67C391B7F00D000EFAF57;
			remoteInfo = Inventory;
		};
/* End PBXContainerItemProxy section */

/* Begin PBXFileReference section */
		4AB67C3A1B7F00D000EFAF57 /* Inventory.app */ = {isa = PBXFileReference; explicitFileType = wrapper.application; includeInIndex = 0; path = Inventory.app; sourceTree = BUILT_PRODUCTS_DIR; };
		4AB67C3E1B7F00D000EFAF57 /* Info.plist */ = {isa = PBXFileReference; lastKnownFileType = text.plist.xml; path = Info.plist; sourceTree = "<group>"; };
		4AB67C3F1B7F00D000EFAF57 /* AppDelegate.swift */ = {isa = PBXFileReference; lastKnownFileType = sourcecode.swift; path = AppDelegate.swift; sourceTree = "<group>"; };
		4AB67C411B7F00D000EFAF57 /* GameScene.sks */ = {isa = PBXFileReference; lastKnownFileType = file.sks; path = GameScene.sks; sourceTree = "<group>"; };
		4AB67C431B7F00D000EFAF57 /* GameScene.swift */ = {isa = PBXFileReference; lastKnownFileType = sourcecode.swift; path = GameScene.swift; sourceTree = "<group>"; };
		4AB67C451B7F00D000EFAF57 /* GameViewController.swift */ = {isa = PBXFileReference; lastKnownFileType = sourcecode.swift; path = GameViewController.swift; sourceTree = "<group>"; };
		4AB67C481B7F00D000EFAF57 /* Base */ = {isa = PBXFileReference; lastKnownFileType = file.storyboard; name = Base; path = Base.lproj/Main.storyboard; sourceTree = "<group>"; };
		4AB67C4A1B7F00D000EFAF57 /* Images.xcassets */ = {isa = PBXFileReference; lastKnownFileType = folder.assetcatalog; path = Images.xcassets; sourceTree = "<group>"; };
		4AB67C4D1B7F00D000EFAF57 /* Base */ = {isa = PBXFileReference; lastKnownFileType = file.xib; name = Base; path = Base.lproj/LaunchScreen.xib; sourceTree = "<group>"; };
		4AB67C531B7F00D000EFAF57 /* InventoryTests.xctest */ = {isa = PBXFileReference; explicitFileType = wrapper.cfbundle; includeInIndex = 0; path = InventoryTests.xctest; sourceTree = BUILT_PRODUCTS_DIR; };
		4AB67C581B7F00D000EFAF57 /* Info.plist */ = {isa = PBXFileReference; lastKnownFileType = text.plist.xml; path = Info.plist; sourceTree = "<group>"; };
		4AB67C591B7F00D000EFAF57 /* InventoryTests.swift */ = {isa = PBXFileReference; lastKnownFileType = sourcecode.swift; path = InventoryTests.swift; sourceTree = "<group>"; };
/* End PBXFileReference section */

/* Begin PBXFrameworksBuildPhase section */
		4AB67C371B7F00D000EFAF57 /* Frameworks */ = {
			isa = PBXFrameworksBuildPhase;
			buildActionMask = 2147483647;
			files = (
			);
			runOnlyForDeploymentPostprocessing = 0;
		};
		4AB67C501B7F00D000EFAF57 /* Frameworks */ = {
			isa = PBXFrameworksBuildPhase;
			buildActionMask = 2147483647;
			files = (
			);
			runOnlyForDeploymentPostprocessing = 0;
		};
/* End PBXFrameworksBuildPhase section */

/* Begin PBXGroup section */
		4AB67C311B7F00D000EFAF57 = {
			isa = PBXGroup;
			children = (
				4AB67C3C1B7F00D000EFAF57 /* Inventory */,
				4AB67C561B7F00D000EFAF57 /* InventoryTests */,
				4AB67C3B1B7F00D000EFAF57 /* Products */,
			);
			sourceTree = "<group>";
		};
		4AB67C3B1B7F00D000EFAF57 /* Products */ = {
			isa = PBXGroup;
			children = (
				4AB67C3A1B7F00D000EFAF57 /* Inventory.app */,
				4AB67C531B7F00D000EFAF57 /* InventoryTests.xctest */,
			);
			name = Products;
			sourceTree = "<group>";
		};
		4AB67C3C1B7F00D000EFAF57 /* Inventory */ = {
			isa = PBXGroup;
			children = (
				4AB67C3F1B7F00D000EFAF57 /* AppDelegate.swift */,
				4AB67C411B7F00D000EFAF57 /* GameScene.sks */,
				4AB67C431B7F00D000EFAF57 /* GameScene.swift */,
				4AB67C451B7F00D000EFAF57 /* GameViewController.swift */,
				4AB67C471B7F00D000EFAF57 /* Main.storyboard */,
				4AB67C4A1B7F00D000EFAF57 /* Images.xcassets */,
				4AB67C4C1B7F00D000EFAF57 /* LaunchScreen.xib */,
				4AB67C3D1B7F00D000EFAF57 /* Supporting Files */,
			);
			path = Inventory;
			sourceTree = "<group>";
		};
		4AB67C3D1B7F00D000EFAF57 /* Supporting Files */ = {
			isa = PBXGroup;
			children = (
				4AB67C3E1B7F00D000EFAF57 /* Info.plist */,
			);
			name = "Supporting Files";
			sourceTree = "<group>";
		};
		4AB67C561B7F00D000EFAF57 /* InventoryTests */ = {
			isa = PBXGroup;
			children = (
				4AB67C591B7F00D000EFAF57 /* InventoryTests.swift */,
				4AB67C571B7F00D000EFAF57 /* Supporting Files */,
			);
			path = InventoryTests;
			sourceTree = "<group>";
		};
		4AB67C571B7F00D000EFAF57 /* Supporting Files */ = {
			isa = PBXGroup;
			children = (
				4AB67C581B7F00D000EFAF57 /* Info.plist */,
			);
			name = "Supporting Files";
			sourceTree = "<group>";
		};
/* End PBXGroup section */

/* Begin PBXNativeTarget section */
		4AB67C391B7F00D000EFAF57 /* Inventory */ = {
			isa = PBXNativeTarget;
			buildConfigurationList = 4AB67C5D1B7F00D000EFAF57 /* Build configuration list for PBXNativeTarget "Inventory" */;
			buildPhases = (
				4AB67C361B7F00D000EFAF57 /* Sources */,
				4AB67C371B7F00D000EFAF57 /* Frameworks */,
				4AB67C381B7F00D000EFAF57 /* Resources */,
			);
			buildRules = (
			);
			dependencies = (
			);
			name = Inventory;
			productName = Inventory;
			productReference = 4AB67C3A1B7F00D000EFAF57 /* Inventory.app */;
			productType = "com.apple.product-type.application";
		};
		4AB67C521B7F00D000EFAF57 /* InventoryTests */ = {
			isa = PBXNativeTarget;
			buildConfigurationList = 4AB67C601B7F00D000EFAF57 /* Build configuration list for PBXNativeTarget "InventoryTests" */;
			buildPhases = (
				4AB67C4F1B7F00D000EFAF57 /* Sources */,
				4AB67C501B7F00D000EFAF57 /* Frameworks */,
				4AB67C511B7F00D000EFAF57 /* Resources */,
			);
			buildRules = (
			);
			dependencies = (
				4AB67C551B7F00D000EFAF57 /* PBXTargetDependency */,
			);
			name = InventoryTests;
			productName = InventoryTests;
			productReference = 4AB67C531B7F00D000EFAF57 /* InventoryTests.xctest */;
			productType = "com.apple.product-type.bundle.unit-test";
		};
/* End PBXNativeTarget section */

/* Begin PBXProject section */
		4AB67C321B7F00D000EFAF57 /* Project object */ = {
			isa = PBXProject;
			attributes = {
				LastUpgradeCheck = 0640;
				ORGANIZATIONNAME = "David Norman";
				TargetAttributes = {
					4AB67C391B7F00D000EFAF57 = {
						CreatedOnToolsVersion = 6.4;
					};
					4AB67C521B7F00D000EFAF57 = {
						CreatedOnToolsVersion = 6.4;
						TestTargetID = 4AB67C391B7F00D000EFAF57;
					};
				};
			};
			buildConfigurationList = 4AB67C351B7F00D000EFAF57 /* Build configuration list for PBXProject "Inventory" */;
			compatibilityVersion = "Xcode 3.2";
			developmentRegion = English;
			hasScannedForEncodings = 0;
			knownRegions = (
				en,
				Base,
			);
			mainGroup = 4AB67C311B7F00D000EFAF57;
			productRefGroup = 4AB67C3B1B7F00D000EFAF57 /* Products */;
			projectDirPath = "";
			projectRoot = "";
			targets = (
				4AB67C391B7F00D000EFAF57 /* Inventory */,
				4AB67C521B7F00D000EFAF57 /* InventoryTests */,
			);
		};
/* End PBXProject section */

/* Begin PBXResourcesBuildPhase section */
		4AB67C381B7F00D000EFAF57 /* Resources */ = {
			isa = PBXResourcesBuildPhase;
			buildActionMask = 2147483647;
			files = (
				4AB67C4E1B7F00D000EFAF57 /* LaunchScreen.xib in Resources */,
				4AB67C4B1B7F00D000EFAF57 /* Images.xcassets in Resources */,
				4AB67C421B7F00D000EFAF57 /* GameScene.sks in Resources */,
				4AB67C491B7F00D000EFAF57 /* Main.storyboard in Resources */,
			);
			runOnlyForDeploymentPostprocessing = 0;
		};
		4AB67C511B7F00D000EFAF57 /* Resources */ = {
			isa = PBXResourcesBuildPhase;
			buildActionMask = 2147483647;
			files = (
			);
			runOnlyForDeploymentPostprocessing = 0;
		};
/* End PBXResourcesBuildPhase section */

/* Begin PBXSourcesBuildPhase section */
		4AB67C361B7F00D000EFAF57 /* Sources */ = {
			isa = PBXSourcesBuildPhase;
			buildActionMask = 2147483647;
			files = (
				4AB67C441B7F00D000EFAF57 /* GameScene.swift in Sources */,
				4AB67C461B7F00D000EFAF57 /* GameViewController.swift in Sources */,
				4AB67C401B7F00D000EFAF57 /* AppDelegate.swift in Sources */,
			);
			runOnlyForDeploymentPostprocessing = 0;
		};
		4AB67C4F1B7F00D000EFAF57 /* Sources */ = {
			isa = PBXSourcesBuildPhase;
			buildActionMask = 2147483647;
			files = (
				4AB67C5A1B7F00D000EFAF57 /* InventoryTests.swift in Sources */,
			);
			runOnlyForDeploymentPostprocessing = 0;
		};
/* End PBXSourcesBuildPhase section */

/* Begin PBXTargetDependency section */
		4AB67C551B7F00D000EFAF57 /* PBXTargetDependency */ = {
			isa = PBXTargetDependency;
			target = 4AB67C391B7F00D000EFAF57 /* Inventory */;
			targetProxy = 4AB67C541B7F00D000EFAF57 /* PBXContainerItemProxy */;
		};
/* End PBXTargetDependency section */

/* Begin PBXVariantGroup section */
		4AB67C471B7F00D000EFAF57 /* Main.storyboard */ = {
			isa = PBXVariantGroup;
			children = (
				4AB67C481B7F00D000EFAF57 /* Base */,
			);
			name = Main.storyboard;
			sourceTree = "<group>";
		};
		4AB67C4C1B7F00D000EFAF57 /* LaunchScreen.xib */ = {
			isa = PBXVariantGroup;
			children = (
				4AB67C4D1B7F00D000EFAF57 /* Base */,
			);
			name = LaunchScreen.xib;
			sourceTree = "<group>";
		};
/* End PBXVariantGroup section */

/* Begin XCBuildConfiguration section */
		4AB67C5B1B7F00D000EFAF57 /* Debug */ = {
			isa = XCBuildConfiguration;
			buildSettings = {
				ALWAYS_SEARCH_USER_PATHS = NO;
				CLANG_CXX_LANGUAGE_STANDARD = "gnu++0x";
				CLANG_CXX_LIBRARY = "libc++";
				CLANG_ENABLE_MODULES = YES;
				CLANG_ENABLE_OBJC_ARC = YES;
				CLANG_WARN_BOOL_CONVERSION = YES;
				CLANG_WARN_CONSTANT_CONVERSION = YES;
				CLANG_WARN_DIRECT_OBJC_ISA_USAGE = YES_ERROR;
				CLANG_WARN_EMPTY_BODY = YES;
				CLANG_WARN_ENUM_CONVERSION = YES;
				CLANG_WARN_INT_CONVERSION = YES;
				CLANG_WARN_OBJC_ROOT_CLASS = YES_ERROR;
				CLANG_WARN_UNREACHABLE_CODE = YES;
				CLANG_WARN__DUPLICATE_METHOD_MATCH = YES;
				"CODE_SIGN_IDENTITY[sdk=iphoneos*]" = "iPhone Developer";
				COPY_PHASE_STRIP = NO;
				DEBUG_INFORMATION_FORMAT = "dwarf-with-dsym";
				ENABLE_STRICT_OBJC_MSGSEND = YES;
				GCC_C_LANGUAGE_STANDARD = gnu99;
				GCC_DYNAMIC_NO_PIC = NO;
				GCC_NO_COMMON_BLOCKS = YES;
				GCC_OPTIMIZATION_LEVEL = 0;
				GCC_PREPROCESSOR_DEFINITIONS = (
					"DEBUG=1",
					"$(inherited)",
				);
				GCC_SYMBOLS_PRIVATE_EXTERN = NO;
				GCC_WARN_64_TO_32_BIT_CONVERSION = YES;
				GCC_WARN_ABOUT_RETURN_TYPE = YES_ERROR;
				GCC_WARN_UNDECLARED_SELECTOR = YES;
				GCC_WARN_UNINITIALIZED_AUTOS = YES_AGGRESSIVE;
				GCC_WARN_UNUSED_FUNCTION = YES;
				GCC_WARN_UNUSED_VARIABLE = YES;
				IPHONEOS_DEPLOYMENT_TARGET = 8.4;
				MTL_ENABLE_DEBUG_INFO = YES;
				ONLY_ACTIVE_ARCH = YES;
				SDKROOT = iphoneos;
				SWIFT_OPTIMIZATION_LEVEL = "-Onone";
				TARGETED_DEVICE_FAMILY = "1,2";
			};
			name = Debug;
		};
		4AB67C5C1B7F00D000EFAF57 /* Release */ = {
			isa = XCBuildConfiguration;
			buildSettings = {
				ALWAYS_SEARCH_USER_PATHS = NO;
				CLANG_CXX_LANGUAGE_STANDARD = "gnu++0x";
				CLANG_CXX_LIBRARY = "libc++";
				CLANG_ENABLE_MODULES = YES;
				CLANG_ENABLE_OBJC_ARC = YES;
				CLANG_WARN_BOOL_CONVERSION = YES;
				CLANG_WARN_CONSTANT_CONVERSION = YES;
				CLANG_WARN_DIRECT_OBJC_ISA_USAGE = YES_ERROR;
				CLANG_WARN_EMPTY_BODY = YES;
				CLANG_WARN_ENUM_CONVERSION = YES;
				CLANG_WARN_INT_CONVERSION = YES;
				CLANG_WARN_OBJC_ROOT_CLASS = YES_ERROR;
				CLANG_WARN_UNREACHABLE_CODE = YES;
				CLANG_WARN__DUPLICATE_METHOD_MATCH = YES;
				"CODE_SIGN_IDENTITY[sdk=iphoneos*]" = "iPhone Developer";
				COPY_PHASE_STRIP = NO;
				DEBUG_INFORMATION_FORMAT = "dwarf-with-dsym";
				ENABLE_NS_ASSERTIONS = NO;
				ENABLE_STRICT_OBJC_MSGSEND = YES;
				GCC_C_LANGUAGE_STANDARD = gnu99;
				GCC_NO_COMMON_BLOCKS = YES;
				GCC_WARN_64_TO_32_BIT_CONVERSION = YES;
				GCC_WARN_ABOUT_RETURN_TYPE = YES_ERROR;
				GCC_WARN_UNDECLARED_SELECTOR = YES;
				GCC_WARN_UNINITIALIZED_AUTOS = YES_AGGRESSIVE;
				GCC_WARN_UNUSED_FUNCTION = YES;
				GCC_WARN_UNUSED_VARIABLE = YES;
				IPHONEOS_DEPLOYMENT_TARGET = 8.4;
				MTL_ENABLE_DEBUG_INFO = NO;
				SDKROOT = iphoneos;
				TARGETED_DEVICE_FAMILY = "1,2";
				VALIDATE_PRODUCT = YES;
			};
			name = Release;
		};
		4AB67C5E1B7F00D000EFAF57 /* Debug */ = {
			isa = XCBuildConfiguration;
			buildSettings = {
				ASSETCATALOG_COMPILER_APPICON_NAME = AppIcon;
				INFOPLIST_FILE = Inventory/Info.plist;
				LD_RUNPATH_SEARCH_PATHS = "$(inherited) @executable_path/Frameworks";
				PRODUCT_NAME = "$(TARGET_NAME)";
			};
			name = Debug;
		};
		4AB67C5F1B7F00D000EFAF57 /* Release */ = {
			isa = XCBuildConfiguration;
			buildSettings = {
				ASSETCATALOG_COMPILER_APPICON_NAME = AppIcon;
				INFOPLIST_FILE = Inventory/Info.plist;
				LD_RUNPATH_SEARCH_PATHS = "$(inherited) @executable_path/Frameworks";
				PRODUCT_NAME = "$(TARGET_NAME)";
			};
			name = Release;
		};
		4AB67C611B7F00D000EFAF57 /* Debug */ = {
			isa = XCBuildConfiguration;
			buildSettings = {
				BUNDLE_LOADER = "$(TEST_HOST)";
				FRAMEWORK_SEARCH_PATHS = (
					"$(SDKROOT)/Developer/Library/Frameworks",
					"$(inherited)",
				);
				GCC_PREPROCESSOR_DEFINITIONS = (
					"DEBUG=1",
					"$(inherited)",
				);
				INFOPLIST_FILE = InventoryTests/Info.plist;
				LD_RUNPATH_SEARCH_PATHS = "$(inherited) @executable_path/Frameworks @loader_path/Frameworks";
				PRODUCT_NAME = "$(TARGET_NAME)";
				TEST_HOST = "$(BUILT_PRODUCTS_DIR)/Inventory.app/Inventory";
			};
			name = Debug;
		};
		4AB67C621B7F00D000EFAF57 /* Release */ = {
			isa = XCBuildConfiguration;
			buildSettings = {
				BUNDLE_LOADER = "$(TEST_HOST)";
				FRAMEWORK_SEARCH_PATHS = (
					"$(SDKROOT)/Developer/Library/Frameworks",
					"$(inherited)",
				);
				INFOPLIST_FILE = InventoryTests/Info.plist;
				LD_RUNPATH_SEARCH_PATHS = "$(inherited) @executable_path/Frameworks @loader_path/Frameworks";
				PRODUCT_NAME = "$(TARGET_NAME)";
				TEST_HOST = "$(BUILT_PRODUCTS_DIR)/Inventory.app/Inventory";
			};
			name = Release;
		};
/* End XCBuildConfiguration section */

/* Begin XCConfigurationList section */
		4AB67C351B7F00D000EFAF57 /* Build configuration list for PBXProject "Inventory" */ = {
			isa = XCConfigurationList;
			buildConfigurations = (
				4AB67C5B1B7F00D000EFAF57 /* Debug */,
				4AB67C5C1B7F00D000EFAF57 /* Release */,
			);
			defaultConfigurationIsVisible = 0;
			defaultConfigurationName = Release;
		};
		4AB67C5D1B7F00D000EFAF57 /* Build configuration list for PBXNativeTarget "Inventory" */ = {
			isa = XCConfigurationList;
			buildConfigurations = (
				4AB67C5E1B7F00D000EFAF57 /* Debug */,
				4AB67C5F1B7F00D000EFAF57 /* Release */,
			);
			defaultConfigurationIsVisible = 0;
		};
		4AB67C601B7F00D000EFAF57 /* Build configuration list for PBXNativeTarget "InventoryTests" */ = {
			isa = XCConfigurationList;
			buildConfigurations = (
				4AB67C611B7F00D000EFAF57 /* Debug */,
				4AB67C621B7F00D000EFAF57 /* Release */,
			);
			defaultConfigurationIsVisible = 0;
		};
/* End XCConfigurationList section */
	};
	rootObject = 4AB67C321B7F00D000EFAF57 /* Project object */;
}
